
Microsoft Visual Studio Solution File, Format Version 12.00
# Visual Studio Version 17
VisualStudioVersion = 17.7.34302.85
MinimumVisualStudioVersion = 10.0.40219.1
Project("{FAE04EC0-301F-11D3-BF4B-00C04F79EFBC}") = "projectOOP", "projectOOP\projectOOP.csproj", "{B83551DE-FD58-4727-849F-2B1077E0C1B1}"
EndProject
Global
	GlobalSection(SolutionConfigurationPlatforms) = preSolution
		Debug|Any CPU = Debug|Any CPU
		Release|Any CPU = Release|Any CPU
	EndGlobalSection
	GlobalSection(ProjectConfigurationPlatforms) = postSolution
		{B83551DE-FD58-4727-849F-2B1077E0C1B1}.Debug|Any CPU.ActiveCfg = Debug|Any CPU
		{B83551DE-FD58-4727-849F-2B1077E0C1B1}.Debug|Any CPU.Build.0 = Debug|Any CPU
		{B83551DE-FD58-4727-849F-2B1077E0C1B1}.Release|Any CPU.ActiveCfg = Release|Any CPU
		{B83551DE-FD58-4727-849F-2B1077E0C1B1}.Release|Any CPU.Build.0 = Release|Any CPU
	EndGlobalSection
	GlobalSection(SolutionProperties) = preSolution
		HideSolutionNode = FALSE
	EndGlobalSection
	GlobalSection(ExtensibilityGlobals) = postSolution
		SolutionGuid = {814D2678-1082-45E0-9322-5905FE78EC70}
	EndGlobalSection
EndGlobal
